
Microsoft Visual Studio Solution File, Format Version 12.00
# Visual Studio Version 17
VisualStudioVersion = 17.0.31903.59
MinimumVisualStudioVersion = 10.0.40219.1
Project("{2150E333-8FDC-42A3-9474-1A3956D46DE8}") = "src", "src", "{827E0CD3-B72D-47B6-A68D-7590B98EB39B}"
EndProject
Project("{FAE04EC0-301F-11D3-BF4B-00C04F79EFBC}") = "Printify.Core", "src\Printify.Core\Printify.Core.csproj", "{3C9EDF36-A368-4748-B1AC-62672F356495}"
EndProject
Project("{FAE04EC0-301F-11D3-BF4B-00C04F79EFBC}") = "Printify.Tokenizer", "src\Printify.Tokenizer\Printify.Tokenizer.csproj", "{0781F64B-1A9F-4AB1-92E9-0A0CA1389E5F}"
EndProject
Project("{FAE04EC0-301F-11D3-BF4B-00C04F79EFBC}") = "Printify.Contracts", "src\Printify.Contracts\Printify.Contracts.csproj", "{C31A79C4-F34B-4A69-8A72-6CE1D6250DFD}"
EndProject
Project("{2150E333-8FDC-42A3-9474-1A3956D46DE8}") = "tests", "tests", "{0AB3BF05-4346-4AA6-1389-037BE0695223}"
EndProject
Project("{FAE04EC0-301F-11D3-BF4B-00C04F79EFBC}") = "Printify.Storage.Tests", "tests\Printify.Storage.Tests\Printify.Storage.Tests.csproj", "{5051A4E7-605A-4441-88EA-6DE07E183F74}"
EndProject
Project("{FAE04EC0-301F-11D3-BF4B-00C04F79EFBC}") = "Printify.Tokenizer.Tests", "tests\Printify.Tokenizer.Tests\Printify.Tokenizer.Tests.csproj", "{3CD2B5AB-45FF-4EEA-B178-8D2B80710AC9}"
EndProject
Project("{FAE04EC0-301F-11D3-BF4B-00C04F79EFBC}") = "Printify.BlobStorage.FileSystem", "src\Printify.BlobStorage.FileSystem\Printify.BlobStorage.FileSystem.csproj", "{CB797342-74AE-4BA9-8105-0A15344A0532}"
EndProject
Project("{FAE04EC0-301F-11D3-BF4B-00C04F79EFBC}") = "Printify.Web", "src\Printify.Web\Printify.Web.csproj", "{FC4F3461-E073-42F9-B94D-23769FE8D560}"
EndProject
Project("{FAE04EC0-301F-11D3-BF4B-00C04F79EFBC}") = "Printify.Listener.Tests", "tests\Printify.Listener.Tests\Printify.Listener.Tests.csproj", "{027D081B-5239-4D16-B15A-E9F759AF6B1C}"
EndProject
Project("{FAE04EC0-301F-11D3-BF4B-00C04F79EFBC}") = "Printify.TestServices", "tests\Printify.TestServices\Printify.TestServices.csproj", "{B87D7CE1-269D-A585-D126-C89FFD135AD2}"
EndProject
Project("{FAE04EC0-301F-11D3-BF4B-00C04F79EFBC}") = "Printify.ResourceApplication", "src\Printify.Documents\Printify.ResourceApplication.csproj", "{107CDDB0-0187-4696-9272-AF82FA94E923}"
EndProject
Project("{FAE04EC0-301F-11D3-BF4B-00C04F79EFBC}") = "Printify.RecordStorage", "src\Printify.RecordStorage\Printify.RecordStorage.csproj", "{3E4911E8-40D1-4448-BBD9-465EEA9EB9FD}"
EndProject
Project("{FAE04EC0-301F-11D3-BF4B-00C04F79EFBC}") = "Printify.BlobStorage", "src\Printify.BlobStorage\Printify.BlobStorage.csproj", "{A31C867B-394E-4A7E-A120-BD0DA3C76761}"
EndProject
Project("{FAE04EC0-301F-11D3-BF4B-00C04F79EFBC}") = "Printify.ResourceApplication.Tests", "tests\Printify.Documents.Tests\Printify.ResourceApplication.Tests.csproj", "{D2250077-3D81-431D-BC04-F09868A998F3}"
EndProject
Project("{FAE04EC0-301F-11D3-BF4B-00C04F79EFBC}") = "Printify.Web.Tests", "tests\Printify.Web.Tests\Printify.Web.Tests.csproj", "{C4DB59A3-7AEF-4272-8A28-91ACDC76CD72}"
EndProject
Project("{FAE04EC0-301F-11D3-BF4B-00C04F79EFBC}") = "Printify.Services", "src\Printify.Services\Printify.Services.csproj", "{D796A30A-4137-1A38-C2B0-2FF33745ED56}"
EndProject
Global
	GlobalSection(SolutionConfigurationPlatforms) = preSolution
		Debug|Any CPU = Debug|Any CPU
		Debug|x64 = Debug|x64
		Debug|x86 = Debug|x86
		Release|Any CPU = Release|Any CPU
		Release|x64 = Release|x64
		Release|x86 = Release|x86
	EndGlobalSection
	GlobalSection(ProjectConfigurationPlatforms) = postSolution
		{3C9EDF36-A368-4748-B1AC-62672F356495}.Debug|Any CPU.ActiveCfg = Debug|Any CPU
		{3C9EDF36-A368-4748-B1AC-62672F356495}.Debug|Any CPU.Build.0 = Debug|Any CPU
		{3C9EDF36-A368-4748-B1AC-62672F356495}.Debug|x64.ActiveCfg = Debug|Any CPU
		{3C9EDF36-A368-4748-B1AC-62672F356495}.Debug|x64.Build.0 = Debug|Any CPU
		{3C9EDF36-A368-4748-B1AC-62672F356495}.Debug|x86.ActiveCfg = Debug|Any CPU
		{3C9EDF36-A368-4748-B1AC-62672F356495}.Debug|x86.Build.0 = Debug|Any CPU
		{3C9EDF36-A368-4748-B1AC-62672F356495}.Release|Any CPU.ActiveCfg = Release|Any CPU
		{3C9EDF36-A368-4748-B1AC-62672F356495}.Release|Any CPU.Build.0 = Release|Any CPU
		{3C9EDF36-A368-4748-B1AC-62672F356495}.Release|x64.ActiveCfg = Release|Any CPU
		{3C9EDF36-A368-4748-B1AC-62672F356495}.Release|x64.Build.0 = Release|Any CPU
		{3C9EDF36-A368-4748-B1AC-62672F356495}.Release|x86.ActiveCfg = Release|Any CPU
		{3C9EDF36-A368-4748-B1AC-62672F356495}.Release|x86.Build.0 = Release|Any CPU
		{0781F64B-1A9F-4AB1-92E9-0A0CA1389E5F}.Debug|Any CPU.ActiveCfg = Debug|Any CPU
		{0781F64B-1A9F-4AB1-92E9-0A0CA1389E5F}.Debug|Any CPU.Build.0 = Debug|Any CPU
		{0781F64B-1A9F-4AB1-92E9-0A0CA1389E5F}.Debug|x64.ActiveCfg = Debug|Any CPU
		{0781F64B-1A9F-4AB1-92E9-0A0CA1389E5F}.Debug|x64.Build.0 = Debug|Any CPU
		{0781F64B-1A9F-4AB1-92E9-0A0CA1389E5F}.Debug|x86.ActiveCfg = Debug|Any CPU
		{0781F64B-1A9F-4AB1-92E9-0A0CA1389E5F}.Debug|x86.Build.0 = Debug|Any CPU
		{0781F64B-1A9F-4AB1-92E9-0A0CA1389E5F}.Release|Any CPU.ActiveCfg = Release|Any CPU
		{0781F64B-1A9F-4AB1-92E9-0A0CA1389E5F}.Release|Any CPU.Build.0 = Release|Any CPU
		{0781F64B-1A9F-4AB1-92E9-0A0CA1389E5F}.Release|x64.ActiveCfg = Release|Any CPU
		{0781F64B-1A9F-4AB1-92E9-0A0CA1389E5F}.Release|x64.Build.0 = Release|Any CPU
		{0781F64B-1A9F-4AB1-92E9-0A0CA1389E5F}.Release|x86.ActiveCfg = Release|Any CPU
		{0781F64B-1A9F-4AB1-92E9-0A0CA1389E5F}.Release|x86.Build.0 = Release|Any CPU
		{C31A79C4-F34B-4A69-8A72-6CE1D6250DFD}.Debug|Any CPU.ActiveCfg = Debug|Any CPU
		{C31A79C4-F34B-4A69-8A72-6CE1D6250DFD}.Debug|Any CPU.Build.0 = Debug|Any CPU
		{C31A79C4-F34B-4A69-8A72-6CE1D6250DFD}.Debug|x64.ActiveCfg = Debug|Any CPU
		{C31A79C4-F34B-4A69-8A72-6CE1D6250DFD}.Debug|x64.Build.0 = Debug|Any CPU
		{C31A79C4-F34B-4A69-8A72-6CE1D6250DFD}.Debug|x86.ActiveCfg = Debug|Any CPU
		{C31A79C4-F34B-4A69-8A72-6CE1D6250DFD}.Debug|x86.Build.0 = Debug|Any CPU
		{C31A79C4-F34B-4A69-8A72-6CE1D6250DFD}.Release|Any CPU.ActiveCfg = Release|Any CPU
		{C31A79C4-F34B-4A69-8A72-6CE1D6250DFD}.Release|Any CPU.Build.0 = Release|Any CPU
		{C31A79C4-F34B-4A69-8A72-6CE1D6250DFD}.Release|x64.ActiveCfg = Release|Any CPU
		{C31A79C4-F34B-4A69-8A72-6CE1D6250DFD}.Release|x64.Build.0 = Release|Any CPU
		{C31A79C4-F34B-4A69-8A72-6CE1D6250DFD}.Release|x86.ActiveCfg = Release|Any CPU
		{C31A79C4-F34B-4A69-8A72-6CE1D6250DFD}.Release|x86.Build.0 = Release|Any CPU
		{5051A4E7-605A-4441-88EA-6DE07E183F74}.Debug|Any CPU.ActiveCfg = Debug|Any CPU
		{5051A4E7-605A-4441-88EA-6DE07E183F74}.Debug|Any CPU.Build.0 = Debug|Any CPU
		{5051A4E7-605A-4441-88EA-6DE07E183F74}.Debug|x64.ActiveCfg = Debug|Any CPU
		{5051A4E7-605A-4441-88EA-6DE07E183F74}.Debug|x64.Build.0 = Debug|Any CPU
		{5051A4E7-605A-4441-88EA-6DE07E183F74}.Debug|x86.ActiveCfg = Debug|Any CPU
		{5051A4E7-605A-4441-88EA-6DE07E183F74}.Debug|x86.Build.0 = Debug|Any CPU
		{5051A4E7-605A-4441-88EA-6DE07E183F74}.Release|Any CPU.ActiveCfg = Release|Any CPU
		{5051A4E7-605A-4441-88EA-6DE07E183F74}.Release|Any CPU.Build.0 = Release|Any CPU
		{5051A4E7-605A-4441-88EA-6DE07E183F74}.Release|x64.ActiveCfg = Release|Any CPU
		{5051A4E7-605A-4441-88EA-6DE07E183F74}.Release|x64.Build.0 = Release|Any CPU
		{5051A4E7-605A-4441-88EA-6DE07E183F74}.Release|x86.ActiveCfg = Release|Any CPU
		{5051A4E7-605A-4441-88EA-6DE07E183F74}.Release|x86.Build.0 = Release|Any CPU
		{3CD2B5AB-45FF-4EEA-B178-8D2B80710AC9}.Debug|Any CPU.ActiveCfg = Debug|Any CPU
		{3CD2B5AB-45FF-4EEA-B178-8D2B80710AC9}.Debug|Any CPU.Build.0 = Debug|Any CPU
		{3CD2B5AB-45FF-4EEA-B178-8D2B80710AC9}.Debug|x64.ActiveCfg = Debug|Any CPU
		{3CD2B5AB-45FF-4EEA-B178-8D2B80710AC9}.Debug|x64.Build.0 = Debug|Any CPU
		{3CD2B5AB-45FF-4EEA-B178-8D2B80710AC9}.Debug|x86.ActiveCfg = Debug|Any CPU
		{3CD2B5AB-45FF-4EEA-B178-8D2B80710AC9}.Debug|x86.Build.0 = Debug|Any CPU
		{3CD2B5AB-45FF-4EEA-B178-8D2B80710AC9}.Release|Any CPU.ActiveCfg = Release|Any CPU
		{3CD2B5AB-45FF-4EEA-B178-8D2B80710AC9}.Release|Any CPU.Build.0 = Release|Any CPU
		{3CD2B5AB-45FF-4EEA-B178-8D2B80710AC9}.Release|x64.ActiveCfg = Release|Any CPU
		{3CD2B5AB-45FF-4EEA-B178-8D2B80710AC9}.Release|x64.Build.0 = Release|Any CPU
		{3CD2B5AB-45FF-4EEA-B178-8D2B80710AC9}.Release|x86.ActiveCfg = Release|Any CPU
		{3CD2B5AB-45FF-4EEA-B178-8D2B80710AC9}.Release|x86.Build.0 = Release|Any CPU
		{CB797342-74AE-4BA9-8105-0A15344A0532}.Debug|Any CPU.ActiveCfg = Debug|Any CPU
		{CB797342-74AE-4BA9-8105-0A15344A0532}.Debug|Any CPU.Build.0 = Debug|Any CPU
		{CB797342-74AE-4BA9-8105-0A15344A0532}.Debug|x64.ActiveCfg = Debug|Any CPU
		{CB797342-74AE-4BA9-8105-0A15344A0532}.Debug|x64.Build.0 = Debug|Any CPU
		{CB797342-74AE-4BA9-8105-0A15344A0532}.Debug|x86.ActiveCfg = Debug|Any CPU
		{CB797342-74AE-4BA9-8105-0A15344A0532}.Debug|x86.Build.0 = Debug|Any CPU
		{CB797342-74AE-4BA9-8105-0A15344A0532}.Release|Any CPU.ActiveCfg = Release|Any CPU
		{CB797342-74AE-4BA9-8105-0A15344A0532}.Release|Any CPU.Build.0 = Release|Any CPU
		{CB797342-74AE-4BA9-8105-0A15344A0532}.Release|x64.ActiveCfg = Release|Any CPU
		{CB797342-74AE-4BA9-8105-0A15344A0532}.Release|x64.Build.0 = Release|Any CPU
		{CB797342-74AE-4BA9-8105-0A15344A0532}.Release|x86.ActiveCfg = Release|Any CPU
		{CB797342-74AE-4BA9-8105-0A15344A0532}.Release|x86.Build.0 = Release|Any CPU
		{FC4F3461-E073-42F9-B94D-23769FE8D560}.Debug|Any CPU.ActiveCfg = Debug|Any CPU
		{FC4F3461-E073-42F9-B94D-23769FE8D560}.Debug|Any CPU.Build.0 = Debug|Any CPU
		{FC4F3461-E073-42F9-B94D-23769FE8D560}.Debug|x64.ActiveCfg = Debug|Any CPU
		{FC4F3461-E073-42F9-B94D-23769FE8D560}.Debug|x64.Build.0 = Debug|Any CPU
		{FC4F3461-E073-42F9-B94D-23769FE8D560}.Debug|x86.ActiveCfg = Debug|Any CPU
		{FC4F3461-E073-42F9-B94D-23769FE8D560}.Debug|x86.Build.0 = Debug|Any CPU
		{FC4F3461-E073-42F9-B94D-23769FE8D560}.Release|Any CPU.ActiveCfg = Release|Any CPU
		{FC4F3461-E073-42F9-B94D-23769FE8D560}.Release|Any CPU.Build.0 = Release|Any CPU
		{FC4F3461-E073-42F9-B94D-23769FE8D560}.Release|x64.ActiveCfg = Release|Any CPU
		{FC4F3461-E073-42F9-B94D-23769FE8D560}.Release|x64.Build.0 = Release|Any CPU
		{FC4F3461-E073-42F9-B94D-23769FE8D560}.Release|x86.ActiveCfg = Release|Any CPU
		{FC4F3461-E073-42F9-B94D-23769FE8D560}.Release|x86.Build.0 = Release|Any CPU
		{027D081B-5239-4D16-B15A-E9F759AF6B1C}.Debug|Any CPU.ActiveCfg = Debug|Any CPU
		{027D081B-5239-4D16-B15A-E9F759AF6B1C}.Debug|Any CPU.Build.0 = Debug|Any CPU
		{027D081B-5239-4D16-B15A-E9F759AF6B1C}.Debug|x64.ActiveCfg = Debug|Any CPU
		{027D081B-5239-4D16-B15A-E9F759AF6B1C}.Debug|x64.Build.0 = Debug|Any CPU
		{027D081B-5239-4D16-B15A-E9F759AF6B1C}.Debug|x86.ActiveCfg = Debug|Any CPU
		{027D081B-5239-4D16-B15A-E9F759AF6B1C}.Debug|x86.Build.0 = Debug|Any CPU
		{027D081B-5239-4D16-B15A-E9F759AF6B1C}.Release|Any CPU.ActiveCfg = Release|Any CPU
		{027D081B-5239-4D16-B15A-E9F759AF6B1C}.Release|Any CPU.Build.0 = Release|Any CPU
		{027D081B-5239-4D16-B15A-E9F759AF6B1C}.Release|x64.ActiveCfg = Release|Any CPU
		{027D081B-5239-4D16-B15A-E9F759AF6B1C}.Release|x64.Build.0 = Release|Any CPU
		{027D081B-5239-4D16-B15A-E9F759AF6B1C}.Release|x86.ActiveCfg = Release|Any CPU
		{027D081B-5239-4D16-B15A-E9F759AF6B1C}.Release|x86.Build.0 = Release|Any CPU
		{B87D7CE1-269D-A585-D126-C89FFD135AD2}.Debug|Any CPU.ActiveCfg = Debug|Any CPU
		{B87D7CE1-269D-A585-D126-C89FFD135AD2}.Debug|Any CPU.Build.0 = Debug|Any CPU
		{B87D7CE1-269D-A585-D126-C89FFD135AD2}.Debug|x64.ActiveCfg = Debug|Any CPU
		{B87D7CE1-269D-A585-D126-C89FFD135AD2}.Debug|x64.Build.0 = Debug|Any CPU
		{B87D7CE1-269D-A585-D126-C89FFD135AD2}.Debug|x86.ActiveCfg = Debug|Any CPU
		{B87D7CE1-269D-A585-D126-C89FFD135AD2}.Debug|x86.Build.0 = Debug|Any CPU
		{B87D7CE1-269D-A585-D126-C89FFD135AD2}.Release|Any CPU.ActiveCfg = Release|Any CPU
		{B87D7CE1-269D-A585-D126-C89FFD135AD2}.Release|Any CPU.Build.0 = Release|Any CPU
		{B87D7CE1-269D-A585-D126-C89FFD135AD2}.Release|x64.ActiveCfg = Release|Any CPU
		{B87D7CE1-269D-A585-D126-C89FFD135AD2}.Release|x64.Build.0 = Release|Any CPU
		{B87D7CE1-269D-A585-D126-C89FFD135AD2}.Release|x86.ActiveCfg = Release|Any CPU
		{B87D7CE1-269D-A585-D126-C89FFD135AD2}.Release|x86.Build.0 = Release|Any CPU
		{107CDDB0-0187-4696-9272-AF82FA94E923}.Debug|Any CPU.ActiveCfg = Debug|Any CPU
		{107CDDB0-0187-4696-9272-AF82FA94E923}.Debug|Any CPU.Build.0 = Debug|Any CPU
		{107CDDB0-0187-4696-9272-AF82FA94E923}.Debug|x64.ActiveCfg = Debug|Any CPU
		{107CDDB0-0187-4696-9272-AF82FA94E923}.Debug|x64.Build.0 = Debug|Any CPU
		{107CDDB0-0187-4696-9272-AF82FA94E923}.Debug|x86.ActiveCfg = Debug|Any CPU
		{107CDDB0-0187-4696-9272-AF82FA94E923}.Debug|x86.Build.0 = Debug|Any CPU
		{107CDDB0-0187-4696-9272-AF82FA94E923}.Release|Any CPU.ActiveCfg = Release|Any CPU
		{107CDDB0-0187-4696-9272-AF82FA94E923}.Release|Any CPU.Build.0 = Release|Any CPU
		{107CDDB0-0187-4696-9272-AF82FA94E923}.Release|x64.ActiveCfg = Release|Any CPU
		{107CDDB0-0187-4696-9272-AF82FA94E923}.Release|x64.Build.0 = Release|Any CPU
		{107CDDB0-0187-4696-9272-AF82FA94E923}.Release|x86.ActiveCfg = Release|Any CPU
		{107CDDB0-0187-4696-9272-AF82FA94E923}.Release|x86.Build.0 = Release|Any CPU
		{3E4911E8-40D1-4448-BBD9-465EEA9EB9FD}.Debug|Any CPU.ActiveCfg = Debug|Any CPU
		{3E4911E8-40D1-4448-BBD9-465EEA9EB9FD}.Debug|Any CPU.Build.0 = Debug|Any CPU
		{3E4911E8-40D1-4448-BBD9-465EEA9EB9FD}.Debug|x64.ActiveCfg = Debug|Any CPU
		{3E4911E8-40D1-4448-BBD9-465EEA9EB9FD}.Debug|x64.Build.0 = Debug|Any CPU
		{3E4911E8-40D1-4448-BBD9-465EEA9EB9FD}.Debug|x86.ActiveCfg = Debug|Any CPU
		{3E4911E8-40D1-4448-BBD9-465EEA9EB9FD}.Debug|x86.Build.0 = Debug|Any CPU
		{3E4911E8-40D1-4448-BBD9-465EEA9EB9FD}.Release|Any CPU.ActiveCfg = Release|Any CPU
		{3E4911E8-40D1-4448-BBD9-465EEA9EB9FD}.Release|Any CPU.Build.0 = Release|Any CPU
		{3E4911E8-40D1-4448-BBD9-465EEA9EB9FD}.Release|x64.ActiveCfg = Release|Any CPU
		{3E4911E8-40D1-4448-BBD9-465EEA9EB9FD}.Release|x64.Build.0 = Release|Any CPU
		{3E4911E8-40D1-4448-BBD9-465EEA9EB9FD}.Release|x86.ActiveCfg = Release|Any CPU
		{3E4911E8-40D1-4448-BBD9-465EEA9EB9FD}.Release|x86.Build.0 = Release|Any CPU
		{A31C867B-394E-4A7E-A120-BD0DA3C76761}.Debug|Any CPU.ActiveCfg = Debug|Any CPU
		{A31C867B-394E-4A7E-A120-BD0DA3C76761}.Debug|Any CPU.Build.0 = Debug|Any CPU
		{A31C867B-394E-4A7E-A120-BD0DA3C76761}.Debug|x64.ActiveCfg = Debug|Any CPU
		{A31C867B-394E-4A7E-A120-BD0DA3C76761}.Debug|x64.Build.0 = Debug|Any CPU
		{A31C867B-394E-4A7E-A120-BD0DA3C76761}.Debug|x86.ActiveCfg = Debug|Any CPU
		{A31C867B-394E-4A7E-A120-BD0DA3C76761}.Debug|x86.Build.0 = Debug|Any CPU
		{A31C867B-394E-4A7E-A120-BD0DA3C76761}.Release|Any CPU.ActiveCfg = Release|Any CPU
		{A31C867B-394E-4A7E-A120-BD0DA3C76761}.Release|Any CPU.Build.0 = Release|Any CPU
		{A31C867B-394E-4A7E-A120-BD0DA3C76761}.Release|x64.ActiveCfg = Release|Any CPU
		{A31C867B-394E-4A7E-A120-BD0DA3C76761}.Release|x64.Build.0 = Release|Any CPU
		{A31C867B-394E-4A7E-A120-BD0DA3C76761}.Release|x86.ActiveCfg = Release|Any CPU
		{A31C867B-394E-4A7E-A120-BD0DA3C76761}.Release|x86.Build.0 = Release|Any CPU
		{D2250077-3D81-431D-BC04-F09868A998F3}.Debug|Any CPU.ActiveCfg = Debug|Any CPU
		{D2250077-3D81-431D-BC04-F09868A998F3}.Debug|Any CPU.Build.0 = Debug|Any CPU
		{D2250077-3D81-431D-BC04-F09868A998F3}.Debug|x64.ActiveCfg = Debug|Any CPU
		{D2250077-3D81-431D-BC04-F09868A998F3}.Debug|x64.Build.0 = Debug|Any CPU
		{D2250077-3D81-431D-BC04-F09868A998F3}.Debug|x86.ActiveCfg = Debug|Any CPU
		{D2250077-3D81-431D-BC04-F09868A998F3}.Debug|x86.Build.0 = Debug|Any CPU
		{D2250077-3D81-431D-BC04-F09868A998F3}.Release|Any CPU.ActiveCfg = Release|Any CPU
		{D2250077-3D81-431D-BC04-F09868A998F3}.Release|Any CPU.Build.0 = Release|Any CPU
		{D2250077-3D81-431D-BC04-F09868A998F3}.Release|x64.ActiveCfg = Release|Any CPU
		{D2250077-3D81-431D-BC04-F09868A998F3}.Release|x64.Build.0 = Release|Any CPU
		{D2250077-3D81-431D-BC04-F09868A998F3}.Release|x86.ActiveCfg = Release|Any CPU
		{D2250077-3D81-431D-BC04-F09868A998F3}.Release|x86.Build.0 = Release|Any CPU
		{C4DB59A3-7AEF-4272-8A28-91ACDC76CD72}.Debug|Any CPU.ActiveCfg = Debug|Any CPU
		{C4DB59A3-7AEF-4272-8A28-91ACDC76CD72}.Debug|Any CPU.Build.0 = Debug|Any CPU
		{C4DB59A3-7AEF-4272-8A28-91ACDC76CD72}.Debug|x64.ActiveCfg = Debug|Any CPU
		{C4DB59A3-7AEF-4272-8A28-91ACDC76CD72}.Debug|x64.Build.0 = Debug|Any CPU
		{C4DB59A3-7AEF-4272-8A28-91ACDC76CD72}.Debug|x86.ActiveCfg = Debug|Any CPU
		{C4DB59A3-7AEF-4272-8A28-91ACDC76CD72}.Debug|x86.Build.0 = Debug|Any CPU
		{C4DB59A3-7AEF-4272-8A28-91ACDC76CD72}.Release|Any CPU.ActiveCfg = Release|Any CPU
		{C4DB59A3-7AEF-4272-8A28-91ACDC76CD72}.Release|Any CPU.Build.0 = Release|Any CPU
		{C4DB59A3-7AEF-4272-8A28-91ACDC76CD72}.Release|x64.ActiveCfg = Release|Any CPU
		{C4DB59A3-7AEF-4272-8A28-91ACDC76CD72}.Release|x64.Build.0 = Release|Any CPU
		{C4DB59A3-7AEF-4272-8A28-91ACDC76CD72}.Release|x86.ActiveCfg = Release|Any CPU
		{C4DB59A3-7AEF-4272-8A28-91ACDC76CD72}.Release|x86.Build.0 = Release|Any CPU
		{D796A30A-4137-1A38-C2B0-2FF33745ED56}.Debug|Any CPU.ActiveCfg = Debug|Any CPU
		{D796A30A-4137-1A38-C2B0-2FF33745ED56}.Debug|Any CPU.Build.0 = Debug|Any CPU
		{D796A30A-4137-1A38-C2B0-2FF33745ED56}.Debug|x64.ActiveCfg = Debug|Any CPU
		{D796A30A-4137-1A38-C2B0-2FF33745ED56}.Debug|x64.Build.0 = Debug|Any CPU
		{D796A30A-4137-1A38-C2B0-2FF33745ED56}.Debug|x86.ActiveCfg = Debug|Any CPU
		{D796A30A-4137-1A38-C2B0-2FF33745ED56}.Debug|x86.Build.0 = Debug|Any CPU
		{D796A30A-4137-1A38-C2B0-2FF33745ED56}.Release|Any CPU.ActiveCfg = Release|Any CPU
		{D796A30A-4137-1A38-C2B0-2FF33745ED56}.Release|Any CPU.Build.0 = Release|Any CPU
		{D796A30A-4137-1A38-C2B0-2FF33745ED56}.Release|x64.ActiveCfg = Release|Any CPU
		{D796A30A-4137-1A38-C2B0-2FF33745ED56}.Release|x64.Build.0 = Release|Any CPU
		{D796A30A-4137-1A38-C2B0-2FF33745ED56}.Release|x86.ActiveCfg = Release|Any CPU
		{D796A30A-4137-1A38-C2B0-2FF33745ED56}.Release|x86.Build.0 = Release|Any CPU
	EndGlobalSection
	GlobalSection(SolutionProperties) = preSolution
		HideSolutionNode = FALSE
	EndGlobalSection
	GlobalSection(NestedProjects) = preSolution
		{3C9EDF36-A368-4748-B1AC-62672F356495} = {827E0CD3-B72D-47B6-A68D-7590B98EB39B}
		{0781F64B-1A9F-4AB1-92E9-0A0CA1389E5F} = {827E0CD3-B72D-47B6-A68D-7590B98EB39B}
		{C31A79C4-F34B-4A69-8A72-6CE1D6250DFD} = {827E0CD3-B72D-47B6-A68D-7590B98EB39B}
		{5051A4E7-605A-4441-88EA-6DE07E183F74} = {0AB3BF05-4346-4AA6-1389-037BE0695223}
		{3CD2B5AB-45FF-4EEA-B178-8D2B80710AC9} = {0AB3BF05-4346-4AA6-1389-037BE0695223}
		{CB797342-74AE-4BA9-8105-0A15344A0532} = {827E0CD3-B72D-47B6-A68D-7590B98EB39B}
		{FC4F3461-E073-42F9-B94D-23769FE8D560} = {827E0CD3-B72D-47B6-A68D-7590B98EB39B}
		{027D081B-5239-4D16-B15A-E9F759AF6B1C} = {0AB3BF05-4346-4AA6-1389-037BE0695223}
		{B87D7CE1-269D-A585-D126-C89FFD135AD2} = {0AB3BF05-4346-4AA6-1389-037BE0695223}
		{107CDDB0-0187-4696-9272-AF82FA94E923} = {827E0CD3-B72D-47B6-A68D-7590B98EB39B}
		{3E4911E8-40D1-4448-BBD9-465EEA9EB9FD} = {827E0CD3-B72D-47B6-A68D-7590B98EB39B}
		{A31C867B-394E-4A7E-A120-BD0DA3C76761} = {827E0CD3-B72D-47B6-A68D-7590B98EB39B}
		{D2250077-3D81-431D-BC04-F09868A998F3} = {0AB3BF05-4346-4AA6-1389-037BE0695223}
		{C4DB59A3-7AEF-4272-8A28-91ACDC76CD72} = {0AB3BF05-4346-4AA6-1389-037BE0695223}
		{D796A30A-4137-1A38-C2B0-2FF33745ED56} = {827E0CD3-B72D-47B6-A68D-7590B98EB39B}
	EndGlobalSection
	GlobalSection(ExtensibilityGlobals) = postSolution
		SolutionGuid = {9A9FD47C-2C78-4C62-BA93-658D8B45939F}
	EndGlobalSection
EndGlobal
