
Microsoft Visual Studio Solution File, Format Version 12.00
# Visual Studio Version 17
VisualStudioVersion = 17.0.31903.59
MinimumVisualStudioVersion = 10.0.40219.1
Project("{2150E333-8FDC-42A3-9474-1A3956D46DE8}") = "src", "src", "{827E0CD3-B72D-47B6-A68D-7590B98EB39B}"
EndProject
Project("{FAE04EC0-301F-11D3-BF4B-00C04F79EFBC}") = "Printify.Domain", "src\Printify.Domain\Printify.Domain.csproj", "{C31A79C4-F34B-4A69-8A72-6CE1D6250DFD}"
EndProject
Project("{2150E333-8FDC-42A3-9474-1A3956D46DE8}") = "tests", "tests", "{0AB3BF05-4346-4AA6-1389-037BE0695223}"
EndProject
Project("{FAE04EC0-301F-11D3-BF4B-00C04F79EFBC}") = "Printify.Web", "src\Printify.Web\Printify.Web.csproj", "{FC4F3461-E073-42F9-B94D-23769FE8D560}"
EndProject
Project("{FAE04EC0-301F-11D3-BF4B-00C04F79EFBC}") = "Printify.TestServices", "tests\Printify.TestServices\Printify.TestServices.csproj", "{B87D7CE1-269D-A585-D126-C89FFD135AD2}"
EndProject
Project("{FAE04EC0-301F-11D3-BF4B-00C04F79EFBC}") = "Printify.Application", "src\Printify.Application\Printify.Application.csproj", "{107CDDB0-0187-4696-9272-AF82FA94E923}"
EndProject
Project("{FAE04EC0-301F-11D3-BF4B-00C04F79EFBC}") = "Printify.Web.Contracts", "src\Printify.Web.Contracts\Printify.Web.Contracts.csproj", "{C191C47B-A3F3-4F6A-BA4D-3FF50B51921E}"
EndProject
Project("{FAE04EC0-301F-11D3-BF4B-00C04F79EFBC}") = "Printify.Infrastructure", "src\Printify.Infrastructure\Printify.Infrastructure.csproj", "{979FCE88-6031-7066-2E79-B1153A15139D}"
EndProject
Project("{FAE04EC0-301F-11D3-BF4B-00C04F79EFBC}") = "Printify.Web.Tests", "tests\Printify.Web.Tests\Printify.Web.Tests.csproj", "{AA8C4A21-7A3A-5D12-B100-6621FA354F94}"
EndProject
Global
	GlobalSection(SolutionConfigurationPlatforms) = preSolution
		Debug|Any CPU = Debug|Any CPU
		Debug|x64 = Debug|x64
		Debug|x86 = Debug|x86
		Release|Any CPU = Release|Any CPU
		Release|x64 = Release|x64
		Release|x86 = Release|x86
	EndGlobalSection
	GlobalSection(ProjectConfigurationPlatforms) = postSolution
		{C31A79C4-F34B-4A69-8A72-6CE1D6250DFD}.Debug|Any CPU.ActiveCfg = Debug|Any CPU
		{C31A79C4-F34B-4A69-8A72-6CE1D6250DFD}.Debug|Any CPU.Build.0 = Debug|Any CPU
		{C31A79C4-F34B-4A69-8A72-6CE1D6250DFD}.Debug|x64.ActiveCfg = Debug|Any CPU
		{C31A79C4-F34B-4A69-8A72-6CE1D6250DFD}.Debug|x64.Build.0 = Debug|Any CPU
		{C31A79C4-F34B-4A69-8A72-6CE1D6250DFD}.Debug|x86.ActiveCfg = Debug|Any CPU
		{C31A79C4-F34B-4A69-8A72-6CE1D6250DFD}.Debug|x86.Build.0 = Debug|Any CPU
		{C31A79C4-F34B-4A69-8A72-6CE1D6250DFD}.Release|Any CPU.ActiveCfg = Release|Any CPU
		{C31A79C4-F34B-4A69-8A72-6CE1D6250DFD}.Release|Any CPU.Build.0 = Release|Any CPU
		{C31A79C4-F34B-4A69-8A72-6CE1D6250DFD}.Release|x64.ActiveCfg = Release|Any CPU
		{C31A79C4-F34B-4A69-8A72-6CE1D6250DFD}.Release|x64.Build.0 = Release|Any CPU
		{C31A79C4-F34B-4A69-8A72-6CE1D6250DFD}.Release|x86.ActiveCfg = Release|Any CPU
		{C31A79C4-F34B-4A69-8A72-6CE1D6250DFD}.Release|x86.Build.0 = Release|Any CPU
		{FC4F3461-E073-42F9-B94D-23769FE8D560}.Debug|Any CPU.ActiveCfg = Debug|Any CPU
		{FC4F3461-E073-42F9-B94D-23769FE8D560}.Debug|Any CPU.Build.0 = Debug|Any CPU
		{FC4F3461-E073-42F9-B94D-23769FE8D560}.Debug|x64.ActiveCfg = Debug|Any CPU
		{FC4F3461-E073-42F9-B94D-23769FE8D560}.Debug|x64.Build.0 = Debug|Any CPU
		{FC4F3461-E073-42F9-B94D-23769FE8D560}.Debug|x86.ActiveCfg = Debug|Any CPU
		{FC4F3461-E073-42F9-B94D-23769FE8D560}.Debug|x86.Build.0 = Debug|Any CPU
		{FC4F3461-E073-42F9-B94D-23769FE8D560}.Release|Any CPU.ActiveCfg = Release|Any CPU
		{FC4F3461-E073-42F9-B94D-23769FE8D560}.Release|Any CPU.Build.0 = Release|Any CPU
		{FC4F3461-E073-42F9-B94D-23769FE8D560}.Release|x64.ActiveCfg = Release|Any CPU
		{FC4F3461-E073-42F9-B94D-23769FE8D560}.Release|x64.Build.0 = Release|Any CPU
		{FC4F3461-E073-42F9-B94D-23769FE8D560}.Release|x86.ActiveCfg = Release|Any CPU
		{FC4F3461-E073-42F9-B94D-23769FE8D560}.Release|x86.Build.0 = Release|Any CPU
		{B87D7CE1-269D-A585-D126-C89FFD135AD2}.Debug|Any CPU.ActiveCfg = Debug|Any CPU
		{B87D7CE1-269D-A585-D126-C89FFD135AD2}.Debug|Any CPU.Build.0 = Debug|Any CPU
		{B87D7CE1-269D-A585-D126-C89FFD135AD2}.Debug|x64.ActiveCfg = Debug|Any CPU
		{B87D7CE1-269D-A585-D126-C89FFD135AD2}.Debug|x64.Build.0 = Debug|Any CPU
		{B87D7CE1-269D-A585-D126-C89FFD135AD2}.Debug|x86.ActiveCfg = Debug|Any CPU
		{B87D7CE1-269D-A585-D126-C89FFD135AD2}.Debug|x86.Build.0 = Debug|Any CPU
		{B87D7CE1-269D-A585-D126-C89FFD135AD2}.Release|Any CPU.ActiveCfg = Release|Any CPU
		{B87D7CE1-269D-A585-D126-C89FFD135AD2}.Release|Any CPU.Build.0 = Release|Any CPU
		{B87D7CE1-269D-A585-D126-C89FFD135AD2}.Release|x64.ActiveCfg = Release|Any CPU
		{B87D7CE1-269D-A585-D126-C89FFD135AD2}.Release|x64.Build.0 = Release|Any CPU
		{B87D7CE1-269D-A585-D126-C89FFD135AD2}.Release|x86.ActiveCfg = Release|Any CPU
		{B87D7CE1-269D-A585-D126-C89FFD135AD2}.Release|x86.Build.0 = Release|Any CPU
		{107CDDB0-0187-4696-9272-AF82FA94E923}.Debug|Any CPU.ActiveCfg = Debug|Any CPU
		{107CDDB0-0187-4696-9272-AF82FA94E923}.Debug|Any CPU.Build.0 = Debug|Any CPU
		{107CDDB0-0187-4696-9272-AF82FA94E923}.Debug|x64.ActiveCfg = Debug|Any CPU
		{107CDDB0-0187-4696-9272-AF82FA94E923}.Debug|x64.Build.0 = Debug|Any CPU
		{107CDDB0-0187-4696-9272-AF82FA94E923}.Debug|x86.ActiveCfg = Debug|Any CPU
		{107CDDB0-0187-4696-9272-AF82FA94E923}.Debug|x86.Build.0 = Debug|Any CPU
		{107CDDB0-0187-4696-9272-AF82FA94E923}.Release|Any CPU.ActiveCfg = Release|Any CPU
		{107CDDB0-0187-4696-9272-AF82FA94E923}.Release|Any CPU.Build.0 = Release|Any CPU
		{107CDDB0-0187-4696-9272-AF82FA94E923}.Release|x64.ActiveCfg = Release|Any CPU
		{107CDDB0-0187-4696-9272-AF82FA94E923}.Release|x64.Build.0 = Release|Any CPU
		{107CDDB0-0187-4696-9272-AF82FA94E923}.Release|x86.ActiveCfg = Release|Any CPU
		{107CDDB0-0187-4696-9272-AF82FA94E923}.Release|x86.Build.0 = Release|Any CPU
		{C191C47B-A3F3-4F6A-BA4D-3FF50B51921E}.Debug|Any CPU.ActiveCfg = Debug|Any CPU
		{C191C47B-A3F3-4F6A-BA4D-3FF50B51921E}.Debug|Any CPU.Build.0 = Debug|Any CPU
		{C191C47B-A3F3-4F6A-BA4D-3FF50B51921E}.Debug|x64.ActiveCfg = Debug|Any CPU
		{C191C47B-A3F3-4F6A-BA4D-3FF50B51921E}.Debug|x64.Build.0 = Debug|Any CPU
		{C191C47B-A3F3-4F6A-BA4D-3FF50B51921E}.Debug|x86.ActiveCfg = Debug|Any CPU
		{C191C47B-A3F3-4F6A-BA4D-3FF50B51921E}.Debug|x86.Build.0 = Debug|Any CPU
		{C191C47B-A3F3-4F6A-BA4D-3FF50B51921E}.Release|Any CPU.ActiveCfg = Release|Any CPU
		{C191C47B-A3F3-4F6A-BA4D-3FF50B51921E}.Release|Any CPU.Build.0 = Release|Any CPU
		{C191C47B-A3F3-4F6A-BA4D-3FF50B51921E}.Release|x64.ActiveCfg = Release|Any CPU
		{C191C47B-A3F3-4F6A-BA4D-3FF50B51921E}.Release|x64.Build.0 = Release|Any CPU
		{C191C47B-A3F3-4F6A-BA4D-3FF50B51921E}.Release|x86.ActiveCfg = Release|Any CPU
		{C191C47B-A3F3-4F6A-BA4D-3FF50B51921E}.Release|x86.Build.0 = Release|Any CPU
		{979FCE88-6031-7066-2E79-B1153A15139D}.Debug|Any CPU.ActiveCfg = Debug|Any CPU
		{979FCE88-6031-7066-2E79-B1153A15139D}.Debug|Any CPU.Build.0 = Debug|Any CPU
		{979FCE88-6031-7066-2E79-B1153A15139D}.Debug|x64.ActiveCfg = Debug|Any CPU
		{979FCE88-6031-7066-2E79-B1153A15139D}.Debug|x64.Build.0 = Debug|Any CPU
		{979FCE88-6031-7066-2E79-B1153A15139D}.Debug|x86.ActiveCfg = Debug|Any CPU
		{979FCE88-6031-7066-2E79-B1153A15139D}.Debug|x86.Build.0 = Debug|Any CPU
		{979FCE88-6031-7066-2E79-B1153A15139D}.Release|Any CPU.ActiveCfg = Release|Any CPU
		{979FCE88-6031-7066-2E79-B1153A15139D}.Release|Any CPU.Build.0 = Release|Any CPU
		{979FCE88-6031-7066-2E79-B1153A15139D}.Release|x64.ActiveCfg = Release|Any CPU
		{979FCE88-6031-7066-2E79-B1153A15139D}.Release|x64.Build.0 = Release|Any CPU
		{979FCE88-6031-7066-2E79-B1153A15139D}.Release|x86.ActiveCfg = Release|Any CPU
		{979FCE88-6031-7066-2E79-B1153A15139D}.Release|x86.Build.0 = Release|Any CPU
		{AA8C4A21-7A3A-5D12-B100-6621FA354F94}.Debug|Any CPU.ActiveCfg = Debug|Any CPU
		{AA8C4A21-7A3A-5D12-B100-6621FA354F94}.Debug|Any CPU.Build.0 = Debug|Any CPU
		{AA8C4A21-7A3A-5D12-B100-6621FA354F94}.Debug|x64.ActiveCfg = Debug|Any CPU
		{AA8C4A21-7A3A-5D12-B100-6621FA354F94}.Debug|x64.Build.0 = Debug|Any CPU
		{AA8C4A21-7A3A-5D12-B100-6621FA354F94}.Debug|x86.ActiveCfg = Debug|Any CPU
		{AA8C4A21-7A3A-5D12-B100-6621FA354F94}.Debug|x86.Build.0 = Debug|Any CPU
		{AA8C4A21-7A3A-5D12-B100-6621FA354F94}.Release|Any CPU.ActiveCfg = Release|Any CPU
		{AA8C4A21-7A3A-5D12-B100-6621FA354F94}.Release|Any CPU.Build.0 = Release|Any CPU
		{AA8C4A21-7A3A-5D12-B100-6621FA354F94}.Release|x64.ActiveCfg = Release|Any CPU
		{AA8C4A21-7A3A-5D12-B100-6621FA354F94}.Release|x64.Build.0 = Release|Any CPU
		{AA8C4A21-7A3A-5D12-B100-6621FA354F94}.Release|x86.ActiveCfg = Release|Any CPU
		{AA8C4A21-7A3A-5D12-B100-6621FA354F94}.Release|x86.Build.0 = Release|Any CPU
	EndGlobalSection
	GlobalSection(SolutionProperties) = preSolution
		HideSolutionNode = FALSE
	EndGlobalSection
	GlobalSection(NestedProjects) = preSolution
		{C31A79C4-F34B-4A69-8A72-6CE1D6250DFD} = {827E0CD3-B72D-47B6-A68D-7590B98EB39B}
		{FC4F3461-E073-42F9-B94D-23769FE8D560} = {827E0CD3-B72D-47B6-A68D-7590B98EB39B}
		{B87D7CE1-269D-A585-D126-C89FFD135AD2} = {0AB3BF05-4346-4AA6-1389-037BE0695223}
		{107CDDB0-0187-4696-9272-AF82FA94E923} = {827E0CD3-B72D-47B6-A68D-7590B98EB39B}
		{C191C47B-A3F3-4F6A-BA4D-3FF50B51921E} = {827E0CD3-B72D-47B6-A68D-7590B98EB39B}
		{979FCE88-6031-7066-2E79-B1153A15139D} = {827E0CD3-B72D-47B6-A68D-7590B98EB39B}
		{AA8C4A21-7A3A-5D12-B100-6621FA354F94} = {0AB3BF05-4346-4AA6-1389-037BE0695223}
	EndGlobalSection
	GlobalSection(ExtensibilityGlobals) = postSolution
		SolutionGuid = {9A9FD47C-2C78-4C62-BA93-658D8B45939F}
	EndGlobalSection
EndGlobal
